
Microsoft Visual Studio Solution File, Format Version 12.00
# Visual Studio Version 17
VisualStudioVersion = 17.5.33424.131
MinimumVisualStudioVersion = 10.0.40219.1
Project("{FAE04EC0-301F-11D3-BF4B-00C04F79EFBC}") = "Katas", "Katas\Katas.csproj", "{F1BAC9FD-6C3F-4CA7-9153-E4E1792D3D51}"
EndProject
Project("{FAE04EC0-301F-11D3-BF4B-00C04F79EFBC}") = "Katas.Test", "Katas.Test\Katas.Test.csproj", "{55062976-99D4-44F8-8FCA-50609ABEC4B2}"
EndProject
Global
	GlobalSection(SolutionConfigurationPlatforms) = preSolution
		Debug|Any CPU = Debug|Any CPU
		Release|Any CPU = Release|Any CPU
	EndGlobalSection
	GlobalSection(ProjectConfigurationPlatforms) = postSolution
		{F1BAC9FD-6C3F-4CA7-9153-E4E1792D3D51}.Debug|Any CPU.ActiveCfg = Debug|Any CPU
		{F1BAC9FD-6C3F-4CA7-9153-E4E1792D3D51}.Debug|Any CPU.Build.0 = Debug|Any CPU
		{F1BAC9FD-6C3F-4CA7-9153-E4E1792D3D51}.Release|Any CPU.ActiveCfg = Release|Any CPU
		{F1BAC9FD-6C3F-4CA7-9153-E4E1792D3D51}.Release|Any CPU.Build.0 = Release|Any CPU
		{55062976-99D4-44F8-8FCA-50609ABEC4B2}.Debug|Any CPU.ActiveCfg = Debug|Any CPU
		{55062976-99D4-44F8-8FCA-50609ABEC4B2}.Debug|Any CPU.Build.0 = Debug|Any CPU
		{55062976-99D4-44F8-8FCA-50609ABEC4B2}.Release|Any CPU.ActiveCfg = Release|Any CPU
		{55062976-99D4-44F8-8FCA-50609ABEC4B2}.Release|Any CPU.Build.0 = Release|Any CPU
	EndGlobalSection
	GlobalSection(SolutionProperties) = preSolution
		HideSolutionNode = FALSE
	EndGlobalSection
	GlobalSection(ExtensibilityGlobals) = postSolution
		SolutionGuid = {C7DC466F-04BC-49F4-A30B-ABC43D266005}
	EndGlobalSection
EndGlobal
